
Microsoft Visual Studio Solution File, Format Version 12.00
# Visual Studio 15
Project("{FAE04EC0-301F-11D3-BF4B-00C04F79EFBC}") = "Assembly-CSharp", "Assembly-CSharp.csproj", "{1893A566-ADB5-DE2E-BCE8-6E5A7E2F62B8}"
EndProject
Project("{FAE04EC0-301F-11D3-BF4B-00C04F79EFBC}") = "Assembly-CSharp-Editor", "Assembly-CSharp-Editor.csproj", "{03F0CEF3-5DA7-EE87-5024-FFB5A6283A03}"
EndProject
Global
	GlobalSection(SolutionConfigurationPlatforms) = preSolution
		Debug|Any CPU = Debug|Any CPU
		Release|Any CPU = Release|Any CPU
	EndGlobalSection
	GlobalSection(ProjectConfigurationPlatforms) = postSolution
		{1893A566-ADB5-DE2E-BCE8-6E5A7E2F62B8}.Debug|Any CPU.ActiveCfg = Debug|Any CPU
		{1893A566-ADB5-DE2E-BCE8-6E5A7E2F62B8}.Debug|Any CPU.Build.0 = Debug|Any CPU
		{1893A566-ADB5-DE2E-BCE8-6E5A7E2F62B8}.Release|Any CPU.ActiveCfg = Release|Any CPU
		{1893A566-ADB5-DE2E-BCE8-6E5A7E2F62B8}.Release|Any CPU.Build.0 = Release|Any CPU
		{03F0CEF3-5DA7-EE87-5024-FFB5A6283A03}.Debug|Any CPU.ActiveCfg = Debug|Any CPU
		{03F0CEF3-5DA7-EE87-5024-FFB5A6283A03}.Debug|Any CPU.Build.0 = Debug|Any CPU
		{03F0CEF3-5DA7-EE87-5024-FFB5A6283A03}.Release|Any CPU.ActiveCfg = Release|Any CPU
		{03F0CEF3-5DA7-EE87-5024-FFB5A6283A03}.Release|Any CPU.Build.0 = Release|Any CPU
	EndGlobalSection
	GlobalSection(SolutionProperties) = preSolution
		HideSolutionNode = FALSE
	EndGlobalSection
EndGlobal
